// !$*UTF8*$!
{
	archiveVersion = 1;
	classes = {
	};
	objectVersion = 50;
	objects = {

/* Begin PBXBuildFile section */
		4A472914221AD3980058C423 /* PathMorphing.h in Headers */ = {isa = PBXBuildFile; fileRef = 4A472912221AD3980058C423 /* PathMorphing.h */; settings = {ATTRIBUTES = (Public, ); }; };
		4A472923221AD3F10058C423 /* ArrayPathDescriptors+Extension.swift in Sources */ = {isa = PBXBuildFile; fileRef = 4A47291A221AD3F10058C423 /* ArrayPathDescriptors+Extension.swift */; };
		4A472924221AD3F10058C423 /* BezierPath.swift in Sources */ = {isa = PBXBuildFile; fileRef = 4A47291B221AD3F10058C423 /* BezierPath.swift */; };
		4A472925221AD3F10058C423 /* PathDescriptor.swift in Sources */ = {isa = PBXBuildFile; fileRef = 4A47291C221AD3F10058C423 /* PathDescriptor.swift */; };
		4A472926221AD3F10058C423 /* PathSegmentDescriptor.swift in Sources */ = {isa = PBXBuildFile; fileRef = 4A47291D221AD3F10058C423 /* PathSegmentDescriptor.swift */; };
		4A472927221AD3F10058C423 /* CGPath+Extension.swift in Sources */ = {isa = PBXBuildFile; fileRef = 4A47291E221AD3F10058C423 /* CGPath+Extension.swift */; };
		4A472928221AD3F10058C423 /* CGVector+Extension.swift in Sources */ = {isa = PBXBuildFile; fileRef = 4A47291F221AD3F10058C423 /* CGVector+Extension.swift */; };
		4A472929221AD3F10058C423 /* SubPathDescriptor.swift in Sources */ = {isa = PBXBuildFile; fileRef = 4A472920221AD3F10058C423 /* SubPathDescriptor.swift */; };
		4A47292A221AD3F10058C423 /* CGPoint+Extension.swift in Sources */ = {isa = PBXBuildFile; fileRef = 4A472921221AD3F10058C423 /* CGPoint+Extension.swift */; };
		4A47292B221AD3F10058C423 /* Polygom.swift in Sources */ = {isa = PBXBuildFile; fileRef = 4A472922221AD3F10058C423 /* Polygom.swift */; };
/* End PBXBuildFile section */

/* Begin PBXFileReference section */
		4A47290F221AD3980058C423 /* PathMorphing.framework */ = {isa = PBXFileReference; explicitFileType = wrapper.framework; includeInIndex = 0; path = PathMorphing.framework; sourceTree = BUILT_PRODUCTS_DIR; };
		4A472912221AD3980058C423 /* PathMorphing.h */ = {isa = PBXFileReference; lastKnownFileType = sourcecode.c.h; path = PathMorphing.h; sourceTree = "<group>"; };
		4A472913221AD3980058C423 /* Info.plist */ = {isa = PBXFileReference; lastKnownFileType = text.plist.xml; path = Info.plist; sourceTree = "<group>"; };
		4A47291A221AD3F10058C423 /* ArrayPathDescriptors+Extension.swift */ = {isa = PBXFileReference; fileEncoding = 4; lastKnownFileType = sourcecode.swift; path = "ArrayPathDescriptors+Extension.swift"; sourceTree = "<group>"; };
		4A47291B221AD3F10058C423 /* BezierPath.swift */ = {isa = PBXFileReference; fileEncoding = 4; lastKnownFileType = sourcecode.swift; path = BezierPath.swift; sourceTree = "<group>"; };
		4A47291C221AD3F10058C423 /* PathDescriptor.swift */ = {isa = PBXFileReference; fileEncoding = 4; lastKnownFileType = sourcecode.swift; path = PathDescriptor.swift; sourceTree = "<group>"; };
		4A47291D221AD3F10058C423 /* PathSegmentDescriptor.swift */ = {isa = PBXFileReference; fileEncoding = 4; lastKnownFileType = sourcecode.swift; path = PathSegmentDescriptor.swift; sourceTree = "<group>"; };
		4A47291E221AD3F10058C423 /* CGPath+Extension.swift */ = {isa = PBXFileReference; fileEncoding = 4; lastKnownFileType = sourcecode.swift; path = "CGPath+Extension.swift"; sourceTree = "<group>"; };
		4A47291F221AD3F10058C423 /* CGVector+Extension.swift */ = {isa = PBXFileReference; fileEncoding = 4; lastKnownFileType = sourcecode.swift; path = "CGVector+Extension.swift"; sourceTree = "<group>"; };
		4A472920221AD3F10058C423 /* SubPathDescriptor.swift */ = {isa = PBXFileReference; fileEncoding = 4; lastKnownFileType = sourcecode.swift; path = SubPathDescriptor.swift; sourceTree = "<group>"; };
		4A472921221AD3F10058C423 /* CGPoint+Extension.swift */ = {isa = PBXFileReference; fileEncoding = 4; lastKnownFileType = sourcecode.swift; path = "CGPoint+Extension.swift"; sourceTree = "<group>"; };
		4A472922221AD3F10058C423 /* Polygom.swift */ = {isa = PBXFileReference; fileEncoding = 4; lastKnownFileType = sourcecode.swift; path = Polygom.swift; sourceTree = "<group>"; };
/* End PBXFileReference section */

/* Begin PBXFrameworksBuildPhase section */
		4A47290C221AD3980058C423 /* Frameworks */ = {
			isa = PBXFrameworksBuildPhase;
			buildActionMask = 2147483647;
			files = (
			);
			runOnlyForDeploymentPostprocessing = 0;
		};
/* End PBXFrameworksBuildPhase section */

/* Begin PBXGroup section */
		4A472905221AD3980058C423 = {
			isa = PBXGroup;
			children = (
				4A472911221AD3980058C423 /* Source */,
				4A472910221AD3980058C423 /* Products */,
			);
			sourceTree = "<group>";
		};
		4A472910221AD3980058C423 /* Products */ = {
			isa = PBXGroup;
			children = (
				4A47290F221AD3980058C423 /* PathMorphing.framework */,
			);
			name = Products;
			sourceTree = "<group>";
		};
		4A472911221AD3980058C423 /* Source */ = {
			isa = PBXGroup;
			children = (
				4A472912221AD3980058C423 /* PathMorphing.h */,
				4A47291A221AD3F10058C423 /* ArrayPathDescriptors+Extension.swift */,
				4A47291C221AD3F10058C423 /* PathDescriptor.swift */,
				4A472920221AD3F10058C423 /* SubPathDescriptor.swift */,
				4A47291D221AD3F10058C423 /* PathSegmentDescriptor.swift */,
				4A47291B221AD3F10058C423 /* BezierPath.swift */,
				4A472922221AD3F10058C423 /* Polygom.swift */,
				4A47291E221AD3F10058C423 /* CGPath+Extension.swift */,
				4A472921221AD3F10058C423 /* CGPoint+Extension.swift */,
				4A47291F221AD3F10058C423 /* CGVector+Extension.swift */,
				4A472913221AD3980058C423 /* Info.plist */,
			);
			path = Source;
			sourceTree = "<group>";
		};
/* End PBXGroup section */

/* Begin PBXHeadersBuildPhase section */
		4A47290A221AD3980058C423 /* Headers */ = {
			isa = PBXHeadersBuildPhase;
			buildActionMask = 2147483647;
			files = (
				4A472914221AD3980058C423 /* PathMorphing.h in Headers */,
			);
			runOnlyForDeploymentPostprocessing = 0;
		};
/* End PBXHeadersBuildPhase section */

/* Begin PBXNativeTarget section */
		4A47290E221AD3980058C423 /* PathMorphing */ = {
			isa = PBXNativeTarget;
			buildConfigurationList = 4A472917221AD3980058C423 /* Build configuration list for PBXNativeTarget "PathMorphing" */;
			buildPhases = (
				4A47290A221AD3980058C423 /* Headers */,
				4A47290B221AD3980058C423 /* Sources */,
				4A47290C221AD3980058C423 /* Frameworks */,
				4A47290D221AD3980058C423 /* Resources */,
			);
			buildRules = (
			);
			dependencies = (
			);
			name = PathMorphing;
			productName = PathMorphing;
			productReference = 4A47290F221AD3980058C423 /* PathMorphing.framework */;
			productType = "com.apple.product-type.framework";
		};
/* End PBXNativeTarget section */

/* Begin PBXProject section */
		4A472906221AD3980058C423 /* Project object */ = {
			isa = PBXProject;
			attributes = {
				LastUpgradeCheck = 1020;
				ORGANIZATIONNAME = "Andrei Ardelean";
				TargetAttributes = {
					4A47290E221AD3980058C423 = {
						CreatedOnToolsVersion = 10.1;
						LastSwiftMigration = 1020;
					};
				};
			};
			buildConfigurationList = 4A472909221AD3980058C423 /* Build configuration list for PBXProject "PathMorphing" */;
			compatibilityVersion = "Xcode 9.3";
			developmentRegion = en;
			hasScannedForEncodings = 0;
			knownRegions = (
				en,
				Base,
			);
			mainGroup = 4A472905221AD3980058C423;
			productRefGroup = 4A472910221AD3980058C423 /* Products */;
			projectDirPath = "";
			projectRoot = "";
			targets = (
				4A47290E221AD3980058C423 /* PathMorphing */,
			);
		};
/* End PBXProject section */

/* Begin PBXResourcesBuildPhase section */
		4A47290D221AD3980058C423 /* Resources */ = {
			isa = PBXResourcesBuildPhase;
			buildActionMask = 2147483647;
			files = (
			);
			runOnlyForDeploymentPostprocessing = 0;
		};
/* End PBXResourcesBuildPhase section */

/* Begin PBXSourcesBuildPhase section */
		4A47290B221AD3980058C423 /* Sources */ = {
			isa = PBXSourcesBuildPhase;
			buildActionMask = 2147483647;
			files = (
				4A472923221AD3F10058C423 /* ArrayPathDescriptors+Extension.swift in Sources */,
				4A472927221AD3F10058C423 /* CGPath+Extension.swift in Sources */,
				4A472928221AD3F10058C423 /* CGVector+Extension.swift in Sources */,
				4A472926221AD3F10058C423 /* PathSegmentDescriptor.swift in Sources */,
				4A472924221AD3F10058C423 /* BezierPath.swift in Sources */,
				4A47292B221AD3F10058C423 /* Polygom.swift in Sources */,
				4A472925221AD3F10058C423 /* PathDescriptor.swift in Sources */,
				4A47292A221AD3F10058C423 /* CGPoint+Extension.swift in Sources */,
				4A472929221AD3F10058C423 /* SubPathDescriptor.swift in Sources */,
			);
			runOnlyForDeploymentPostprocessing = 0;
		};
/* End PBXSourcesBuildPhase section */

/* Begin XCBuildConfiguration section */
		4A472915221AD3980058C423 /* Debug */ = {
			isa = XCBuildConfiguration;
			buildSettings = {
				ADDITIONAL_SDKS = "";
				ALWAYS_SEARCH_USER_PATHS = NO;
				CLANG_ANALYZER_NONNULL = YES;
				CLANG_ANALYZER_NUMBER_OBJECT_CONVERSION = YES_AGGRESSIVE;
				CLANG_CXX_LANGUAGE_STANDARD = "gnu++14";
				CLANG_CXX_LIBRARY = "libc++";
				CLANG_ENABLE_MODULES = YES;
				CLANG_ENABLE_OBJC_ARC = YES;
				CLANG_ENABLE_OBJC_WEAK = YES;
				CLANG_WARN_BLOCK_CAPTURE_AUTORELEASING = YES;
				CLANG_WARN_BOOL_CONVERSION = YES;
				CLANG_WARN_COMMA = YES;
				CLANG_WARN_CONSTANT_CONVERSION = YES;
				CLANG_WARN_DEPRECATED_OBJC_IMPLEMENTATIONS = YES;
				CLANG_WARN_DIRECT_OBJC_ISA_USAGE = YES_ERROR;
				CLANG_WARN_DOCUMENTATION_COMMENTS = YES;
				CLANG_WARN_EMPTY_BODY = YES;
				CLANG_WARN_ENUM_CONVERSION = YES;
				CLANG_WARN_INFINITE_RECURSION = YES;
				CLANG_WARN_INT_CONVERSION = YES;
				CLANG_WARN_NON_LITERAL_NULL_CONVERSION = YES;
				CLANG_WARN_OBJC_IMPLICIT_RETAIN_SELF = YES;
				CLANG_WARN_OBJC_LITERAL_CONVERSION = YES;
				CLANG_WARN_OBJC_ROOT_CLASS = YES_ERROR;
				CLANG_WARN_RANGE_LOOP_ANALYSIS = YES;
				CLANG_WARN_STRICT_PROTOTYPES = YES;
				CLANG_WARN_SUSPICIOUS_MOVE = YES;
				CLANG_WARN_UNGUARDED_AVAILABILITY = YES_AGGRESSIVE;
				CLANG_WARN_UNREACHABLE_CODE = YES;
				CLANG_WARN__DUPLICATE_METHOD_MATCH = YES;
				CODE_SIGN_IDENTITY = "iPhone Developer";
				COPY_PHASE_STRIP = NO;
				CURRENT_PROJECT_VERSION = 1;
				DEBUG_INFORMATION_FORMAT = dwarf;
				ENABLE_STRICT_OBJC_MSGSEND = YES;
				ENABLE_TESTABILITY = YES;
				GCC_C_LANGUAGE_STANDARD = gnu11;
				GCC_DYNAMIC_NO_PIC = NO;
				GCC_NO_COMMON_BLOCKS = YES;
				GCC_OPTIMIZATION_LEVEL = 0;
				GCC_PREPROCESSOR_DEFINITIONS = (
					"DEBUG=1",
					"$(inherited)",
				);
				GCC_WARN_64_TO_32_BIT_CONVERSION = YES;
				GCC_WARN_ABOUT_RETURN_TYPE = YES_ERROR;
				GCC_WARN_UNDECLARED_SELECTOR = YES;
				GCC_WARN_UNINITIALIZED_AUTOS = YES_AGGRESSIVE;
				GCC_WARN_UNUSED_FUNCTION = YES;
				GCC_WARN_UNUSED_VARIABLE = YES;
				IPHONEOS_DEPLOYMENT_TARGET = 12.1;
				MTL_ENABLE_DEBUG_INFO = INCLUDE_SOURCE;
				MTL_FAST_MATH = YES;
				ONLY_ACTIVE_ARCH = YES;
				SDKROOT = iphoneos;
				SUPPORTED_PLATFORMS = "iphonesimulator iphoneos watchos watchsimulator appletvos appletvsimulator macosx";
				SWIFT_ACTIVE_COMPILATION_CONDITIONS = DEBUG;
				SWIFT_OPTIMIZATION_LEVEL = "-Onone";
				VALID_ARCHS = "$(ARCHS_STANDARD)";
				VERSIONING_SYSTEM = "apple-generic";
				VERSION_INFO_PREFIX = "";
			};
			name = Debug;
		};
		4A472916221AD3980058C423 /* Release */ = {
			isa = XCBuildConfiguration;
			buildSettings = {
				ADDITIONAL_SDKS = "";
				ALWAYS_SEARCH_USER_PATHS = NO;
				CLANG_ANALYZER_NONNULL = YES;
				CLANG_ANALYZER_NUMBER_OBJECT_CONVERSION = YES_AGGRESSIVE;
				CLANG_CXX_LANGUAGE_STANDARD = "gnu++14";
				CLANG_CXX_LIBRARY = "libc++";
				CLANG_ENABLE_MODULES = YES;
				CLANG_ENABLE_OBJC_ARC = YES;
				CLANG_ENABLE_OBJC_WEAK = YES;
				CLANG_WARN_BLOCK_CAPTURE_AUTORELEASING = YES;
				CLANG_WARN_BOOL_CONVERSION = YES;
				CLANG_WARN_COMMA = YES;
				CLANG_WARN_CONSTANT_CONVERSION = YES;
				CLANG_WARN_DEPRECATED_OBJC_IMPLEMENTATIONS = YES;
				CLANG_WARN_DIRECT_OBJC_ISA_USAGE = YES_ERROR;
				CLANG_WARN_DOCUMENTATION_COMMENTS = YES;
				CLANG_WARN_EMPTY_BODY = YES;
				CLANG_WARN_ENUM_CONVERSION = YES;
				CLANG_WARN_INFINITE_RECURSION = YES;
				CLANG_WARN_INT_CONVERSION = YES;
				CLANG_WARN_NON_LITERAL_NULL_CONVERSION = YES;
				CLANG_WARN_OBJC_IMPLICIT_RETAIN_SELF = YES;
				CLANG_WARN_OBJC_LITERAL_CONVERSION = YES;
				CLANG_WARN_OBJC_ROOT_CLASS = YES_ERROR;
				CLANG_WARN_RANGE_LOOP_ANALYSIS = YES;
				CLANG_WARN_STRICT_PROTOTYPES = YES;
				CLANG_WARN_SUSPICIOUS_MOVE = YES;
				CLANG_WARN_UNGUARDED_AVAILABILITY = YES_AGGRESSIVE;
				CLANG_WARN_UNREACHABLE_CODE = YES;
				CLANG_WARN__DUPLICATE_METHOD_MATCH = YES;
				CODE_SIGN_IDENTITY = "iPhone Developer";
				COPY_PHASE_STRIP = NO;
				CURRENT_PROJECT_VERSION = 1;
				DEBUG_INFORMATION_FORMAT = "dwarf-with-dsym";
				ENABLE_NS_ASSERTIONS = NO;
				ENABLE_STRICT_OBJC_MSGSEND = YES;
				GCC_C_LANGUAGE_STANDARD = gnu11;
				GCC_NO_COMMON_BLOCKS = YES;
				GCC_WARN_64_TO_32_BIT_CONVERSION = YES;
				GCC_WARN_ABOUT_RETURN_TYPE = YES_ERROR;
				GCC_WARN_UNDECLARED_SELECTOR = YES;
				GCC_WARN_UNINITIALIZED_AUTOS = YES_AGGRESSIVE;
				GCC_WARN_UNUSED_FUNCTION = YES;
				GCC_WARN_UNUSED_VARIABLE = YES;
				IPHONEOS_DEPLOYMENT_TARGET = 12.1;
				MTL_ENABLE_DEBUG_INFO = NO;
				MTL_FAST_MATH = YES;
				SDKROOT = iphoneos;
				SUPPORTED_PLATFORMS = "iphonesimulator iphoneos watchos watchsimulator appletvos appletvsimulator macosx";
				SWIFT_COMPILATION_MODE = wholemodule;
				SWIFT_OPTIMIZATION_LEVEL = "-O";
				VALIDATE_PRODUCT = YES;
				VALID_ARCHS = "$(ARCHS_STANDARD)";
				VERSIONING_SYSTEM = "apple-generic";
				VERSION_INFO_PREFIX = "";
			};
			name = Release;
		};
		4A472918221AD3980058C423 /* Debug */ = {
			isa = XCBuildConfiguration;
			buildSettings = {
				CLANG_ENABLE_MODULES = YES;
				CODE_SIGN_IDENTITY = "";
				CODE_SIGN_STYLE = Automatic;
				DEFINES_MODULE = YES;
				DEVELOPMENT_TEAM = "";
				DYLIB_COMPATIBILITY_VERSION = 1;
				DYLIB_CURRENT_VERSION = 1;
				DYLIB_INSTALL_NAME_BASE = "@rpath";
				INFOPLIST_FILE = "$(SRCROOT)/Source/Info.plist";
				INSTALL_PATH = "$(LOCAL_LIBRARY_DIR)/Frameworks";
				IPHONEOS_DEPLOYMENT_TARGET = 8.0;
				LD_RUNPATH_SEARCH_PATHS = (
					"$(inherited)",
					"@executable_path/Frameworks",
					"@loader_path/Frameworks",
				);
				MACOSX_DEPLOYMENT_TARGET = 10.9;
				PRODUCT_BUNDLE_IDENTIFIER = com.andreiardelean.PathMorphing;
				PRODUCT_NAME = "$(TARGET_NAME:c99extidentifier)";
				PROVISIONING_PROFILE_SPECIFIER = "";
				SKIP_INSTALL = YES;
				SWIFT_OPTIMIZATION_LEVEL = "-Onone";
				SWIFT_VERSION = 5.0;
				TARGETED_DEVICE_FAMILY = "1,2";
				TVOS_DEPLOYMENT_TARGET = 9.0;
				WATCHOS_DEPLOYMENT_TARGET = 2.0;
			};
			name = Debug;
		};
		4A472919221AD3980058C423 /* Release */ = {
			isa = XCBuildConfiguration;
			buildSettings = {
				CLANG_ENABLE_MODULES = YES;
				CODE_SIGN_IDENTITY = "";
				CODE_SIGN_STYLE = Automatic;
				DEFINES_MODULE = YES;
				DEVELOPMENT_TEAM = "";
				DYLIB_COMPATIBILITY_VERSION = 1;
				DYLIB_CURRENT_VERSION = 1;
				DYLIB_INSTALL_NAME_BASE = "@rpath";
				INFOPLIST_FILE = "$(SRCROOT)/Source/Info.plist";
				INSTALL_PATH = "$(LOCAL_LIBRARY_DIR)/Frameworks";
				IPHONEOS_DEPLOYMENT_TARGET = 8.0;
				LD_RUNPATH_SEARCH_PATHS = (
					"$(inherited)",
					"@executable_path/Frameworks",
					"@loader_path/Frameworks",
				);
				MACOSX_DEPLOYMENT_TARGET = 10.9;
				PRODUCT_BUNDLE_IDENTIFIER = com.andreiardelean.PathMorphing;
				PRODUCT_NAME = "$(TARGET_NAME:c99extidentifier)";
				PROVISIONING_PROFILE_SPECIFIER = "";
				SKIP_INSTALL = YES;
				SWIFT_VERSION = 5.0;
				TARGETED_DEVICE_FAMILY = "1,2";
				TVOS_DEPLOYMENT_TARGET = 9.0;
				WATCHOS_DEPLOYMENT_TARGET = 2.0;
			};
			name = Release;
		};
/* End XCBuildConfiguration section */

/* Begin XCConfigurationList section */
		4A472909221AD3980058C423 /* Build configuration list for PBXProject "PathMorphing" */ = {
			isa = XCConfigurationList;
			buildConfigurations = (
				4A472915221AD3980058C423 /* Debug */,
				4A472916221AD3980058C423 /* Release */,
			);
			defaultConfigurationIsVisible = 0;
			defaultConfigurationName = Release;
		};
		4A472917221AD3980058C423 /* Build configuration list for PBXNativeTarget "PathMorphing" */ = {
			isa = XCConfigurationList;
			buildConfigurations = (
				4A472918221AD3980058C423 /* Debug */,
				4A472919221AD3980058C423 /* Release */,
			);
			defaultConfigurationIsVisible = 0;
			defaultConfigurationName = Release;
		};
/* End XCConfigurationList section */
	};
	rootObject = 4A472906221AD3980058C423 /* Project object */;
}
